
Microsoft Visual Studio Solution File, Format Version 12.00
# Visual Studio Version 17
VisualStudioVersion = 17.7.34031.279
MinimumVisualStudioVersion = 10.0.40219.1
Project("{9A19103F-16F7-4668-BE54-9A1E7A4F7556}") = "FizzBuzz.FizzBuzzTwist", "FizzBuzz\FizzBuzz.FizzBuzzTwist.csproj", "{ECCC4D8D-6E7F-41E6-9A6B-CC7919E957C9}"
EndProject
Project("{9A19103F-16F7-4668-BE54-9A1E7A4F7556}") = "FizzBuzz.TwistedFizzBuzzLibrary", "TwistedFizzBuzz\FizzBuzz.TwistedFizzBuzzLibrary.csproj", "{43458318-B012-4825-B580-1C1B7FD1095C}"
EndProject
Project("{9A19103F-16F7-4668-BE54-9A1E7A4F7556}") = "FizzBuzz.StandardFizzBuzz", "StandardFizzBuzz\FizzBuzz.StandardFizzBuzz.csproj", "{7AB4BE76-CE68-43B5-BA1F-768D1844A961}"
EndProject
Project("{9A19103F-16F7-4668-BE54-9A1E7A4F7556}") = "FizzBuzz.CustomTokens", "CustomTokens\FizzBuzz.CustomTokens.csproj", "{6CDF76E7-F0D1-4E48-A433-633D88AF2271}"
EndProject
Project("{9A19103F-16F7-4668-BE54-9A1E7A4F7556}") = "FizzBuzz.FizzBuzzTests", "FizzBuzzTests\FizzBuzz.FizzBuzzTests.csproj", "{1AB06CFA-2078-44DF-93B7-F96E83CD8E20}"
EndProject
Project("{9A19103F-16F7-4668-BE54-9A1E7A4F7556}") = "FizzBuzz.Infra", "Infra\FizzBuzz.Infra.csproj", "{B38984A1-0F1F-4B5C-A110-462F584BEE1D}"
EndProject
Global
	GlobalSection(SolutionConfigurationPlatforms) = preSolution
		Debug|Any CPU = Debug|Any CPU
		Release|Any CPU = Release|Any CPU
	EndGlobalSection
	GlobalSection(ProjectConfigurationPlatforms) = postSolution
		{ECCC4D8D-6E7F-41E6-9A6B-CC7919E957C9}.Debug|Any CPU.ActiveCfg = Debug|Any CPU
		{ECCC4D8D-6E7F-41E6-9A6B-CC7919E957C9}.Debug|Any CPU.Build.0 = Debug|Any CPU
		{ECCC4D8D-6E7F-41E6-9A6B-CC7919E957C9}.Release|Any CPU.ActiveCfg = Release|Any CPU
		{ECCC4D8D-6E7F-41E6-9A6B-CC7919E957C9}.Release|Any CPU.Build.0 = Release|Any CPU
		{43458318-B012-4825-B580-1C1B7FD1095C}.Debug|Any CPU.ActiveCfg = Debug|Any CPU
		{43458318-B012-4825-B580-1C1B7FD1095C}.Debug|Any CPU.Build.0 = Debug|Any CPU
		{43458318-B012-4825-B580-1C1B7FD1095C}.Release|Any CPU.ActiveCfg = Release|Any CPU
		{43458318-B012-4825-B580-1C1B7FD1095C}.Release|Any CPU.Build.0 = Release|Any CPU
		{7AB4BE76-CE68-43B5-BA1F-768D1844A961}.Debug|Any CPU.ActiveCfg = Debug|Any CPU
		{7AB4BE76-CE68-43B5-BA1F-768D1844A961}.Debug|Any CPU.Build.0 = Debug|Any CPU
		{7AB4BE76-CE68-43B5-BA1F-768D1844A961}.Release|Any CPU.ActiveCfg = Release|Any CPU
		{7AB4BE76-CE68-43B5-BA1F-768D1844A961}.Release|Any CPU.Build.0 = Release|Any CPU
		{6CDF76E7-F0D1-4E48-A433-633D88AF2271}.Debug|Any CPU.ActiveCfg = Debug|Any CPU
		{6CDF76E7-F0D1-4E48-A433-633D88AF2271}.Debug|Any CPU.Build.0 = Debug|Any CPU
		{6CDF76E7-F0D1-4E48-A433-633D88AF2271}.Release|Any CPU.ActiveCfg = Release|Any CPU
		{6CDF76E7-F0D1-4E48-A433-633D88AF2271}.Release|Any CPU.Build.0 = Release|Any CPU
		{1AB06CFA-2078-44DF-93B7-F96E83CD8E20}.Debug|Any CPU.ActiveCfg = Debug|Any CPU
		{1AB06CFA-2078-44DF-93B7-F96E83CD8E20}.Debug|Any CPU.Build.0 = Debug|Any CPU
		{1AB06CFA-2078-44DF-93B7-F96E83CD8E20}.Release|Any CPU.ActiveCfg = Release|Any CPU
		{1AB06CFA-2078-44DF-93B7-F96E83CD8E20}.Release|Any CPU.Build.0 = Release|Any CPU
		{B38984A1-0F1F-4B5C-A110-462F584BEE1D}.Debug|Any CPU.ActiveCfg = Debug|Any CPU
		{B38984A1-0F1F-4B5C-A110-462F584BEE1D}.Debug|Any CPU.Build.0 = Debug|Any CPU
		{B38984A1-0F1F-4B5C-A110-462F584BEE1D}.Release|Any CPU.ActiveCfg = Release|Any CPU
		{B38984A1-0F1F-4B5C-A110-462F584BEE1D}.Release|Any CPU.Build.0 = Release|Any CPU
	EndGlobalSection
	GlobalSection(SolutionProperties) = preSolution
		HideSolutionNode = FALSE
	EndGlobalSection
	GlobalSection(ExtensibilityGlobals) = postSolution
		SolutionGuid = {9C491B2B-6E14-4C89-AAAE-3DADE92C69FD}
	EndGlobalSection
EndGlobal
